
Microsoft Visual Studio Solution File, Format Version 12.00
Project("{FAE04EC0-301F-11D3-BF4B-00C04F79EFBC}") = "WebApplication5", "WebApplication5\WebApplication5.csproj", "{0F3493CE-9CC9-4B3F-BE03-39CDB2358BAF}"
EndProject
Global
	GlobalSection(SolutionConfigurationPlatforms) = preSolution
		Debug|Any CPU = Debug|Any CPU
		Release|Any CPU = Release|Any CPU
	EndGlobalSection
	GlobalSection(ProjectConfigurationPlatforms) = postSolution
		{0F3493CE-9CC9-4B3F-BE03-39CDB2358BAF}.Debug|Any CPU.ActiveCfg = Debug|Any CPU
		{0F3493CE-9CC9-4B3F-BE03-39CDB2358BAF}.Debug|Any CPU.Build.0 = Debug|Any CPU
		{0F3493CE-9CC9-4B3F-BE03-39CDB2358BAF}.Release|Any CPU.ActiveCfg = Release|Any CPU
		{0F3493CE-9CC9-4B3F-BE03-39CDB2358BAF}.Release|Any CPU.Build.0 = Release|Any CPU
	EndGlobalSection
EndGlobal
